
Microsoft Visual Studio Solution File, Format Version 12.00
# Visual Studio 14
VisualStudioVersion = 14.0.25420.1
MinimumVisualStudioVersion = 10.0.40219.1
Project("{FAE04EC0-301F-11D3-BF4B-00C04F79EFBC}") = "PartyInvites", "PartyInvites\PartyInvites.csproj", "{1150DD30-81F3-4489-9164-BE2CDC6E0E73}"
EndProject
Project("{FAE04EC0-301F-11D3-BF4B-00C04F79EFBC}") = "PartyInvites.Tests", "PartyInvites.Tests\PartyInvites.Tests.csproj", "{4C2B0FA2-0558-418B-BEF5-BDEBFE79DCB3}"
EndProject
Global
	GlobalSection(SolutionConfigurationPlatforms) = preSolution
		Debug|Any CPU = Debug|Any CPU
		Release|Any CPU = Release|Any CPU
	EndGlobalSection
	GlobalSection(ProjectConfigurationPlatforms) = postSolution
		{1150DD30-81F3-4489-9164-BE2CDC6E0E73}.Debug|Any CPU.ActiveCfg = Debug|Any CPU
		{1150DD30-81F3-4489-9164-BE2CDC6E0E73}.Debug|Any CPU.Build.0 = Debug|Any CPU
		{1150DD30-81F3-4489-9164-BE2CDC6E0E73}.Release|Any CPU.ActiveCfg = Release|Any CPU
		{1150DD30-81F3-4489-9164-BE2CDC6E0E73}.Release|Any CPU.Build.0 = Release|Any CPU
		{4C2B0FA2-0558-418B-BEF5-BDEBFE79DCB3}.Debug|Any CPU.ActiveCfg = Debug|Any CPU
		{4C2B0FA2-0558-418B-BEF5-BDEBFE79DCB3}.Debug|Any CPU.Build.0 = Debug|Any CPU
		{4C2B0FA2-0558-418B-BEF5-BDEBFE79DCB3}.Release|Any CPU.ActiveCfg = Release|Any CPU
		{4C2B0FA2-0558-418B-BEF5-BDEBFE79DCB3}.Release|Any CPU.Build.0 = Release|Any CPU
	EndGlobalSection
	GlobalSection(SolutionProperties) = preSolution
		HideSolutionNode = FALSE
	EndGlobalSection
EndGlobal
